
Microsoft Visual Studio Solution File, Format Version 12.00
# Visual Studio 15
VisualStudioVersion = 15.0.26711.1
MinimumVisualStudioVersion = 10.0.40219.1
Project("{8BC9CEB8-8B4A-11D0-8D11-00A0C91BC942}") = "UART_NET", "UART_NET\UART_NET.vcxproj", "{53197B28-1D9A-49A7-8B27-CE65FD4580BE}"
EndProject
Project("{8BC9CEB8-8B4A-11D0-8D11-00A0C91BC942}") = "UART_NET.Tests", "UART_NET.Tests\UART_NET.Tests.vcxproj", "{303B954E-08A5-4DF0-A885-E79AA3B3F72E}"
EndProject
Global
	GlobalSection(SolutionConfigurationPlatforms) = preSolution
		Debug|x64 = Debug|x64
		Debug|x86 = Debug|x86
		Release|x64 = Release|x64
		Release|x86 = Release|x86
	EndGlobalSection
	GlobalSection(ProjectConfigurationPlatforms) = postSolution
		{53197B28-1D9A-49A7-8B27-CE65FD4580BE}.Debug|x64.ActiveCfg = Debug|x64
		{53197B28-1D9A-49A7-8B27-CE65FD4580BE}.Debug|x64.Build.0 = Debug|x64
		{53197B28-1D9A-49A7-8B27-CE65FD4580BE}.Debug|x86.ActiveCfg = Debug|Win32
		{53197B28-1D9A-49A7-8B27-CE65FD4580BE}.Debug|x86.Build.0 = Debug|Win32
		{53197B28-1D9A-49A7-8B27-CE65FD4580BE}.Release|x64.ActiveCfg = Release|x64
		{53197B28-1D9A-49A7-8B27-CE65FD4580BE}.Release|x64.Build.0 = Release|x64
		{53197B28-1D9A-49A7-8B27-CE65FD4580BE}.Release|x86.ActiveCfg = Release|Win32
		{53197B28-1D9A-49A7-8B27-CE65FD4580BE}.Release|x86.Build.0 = Release|Win32
		{303B954E-08A5-4DF0-A885-E79AA3B3F72E}.Debug|x64.ActiveCfg = Debug|x64
		{303B954E-08A5-4DF0-A885-E79AA3B3F72E}.Debug|x64.Build.0 = Debug|x64
		{303B954E-08A5-4DF0-A885-E79AA3B3F72E}.Debug|x86.ActiveCfg = Debug|Win32
		{303B954E-08A5-4DF0-A885-E79AA3B3F72E}.Debug|x86.Build.0 = Debug|Win32
		{303B954E-08A5-4DF0-A885-E79AA3B3F72E}.Release|x64.ActiveCfg = Release|x64
		{303B954E-08A5-4DF0-A885-E79AA3B3F72E}.Release|x64.Build.0 = Release|x64
		{303B954E-08A5-4DF0-A885-E79AA3B3F72E}.Release|x86.ActiveCfg = Release|Win32
		{303B954E-08A5-4DF0-A885-E79AA3B3F72E}.Release|x86.Build.0 = Release|Win32
	EndGlobalSection
	GlobalSection(SolutionProperties) = preSolution
		HideSolutionNode = FALSE
	EndGlobalSection
	GlobalSection(ExtensibilityGlobals) = postSolution
		SolutionGuid = {D60301FF-AE5D-4B78-BD57-74DB127B7A92}
	EndGlobalSection
EndGlobal
